
Microsoft Visual Studio Solution File, Format Version 12.00
# Visual Studio Version 17
VisualStudioVersion = 17.14.36518.9 d17.14
MinimumVisualStudioVersion = 10.0.40219.1
Project("{2150E333-8FDC-42A3-9474-1A3956D46DE8}") = "Services", "Services", "{02EA681E-C7D8-13C7-8484-4AC65E1B71E8}"
EndProject
Project("{2150E333-8FDC-42A3-9474-1A3956D46DE8}") = "Catalog", "Catalog", "{37601740-BA75-4657-8454-95FAAA87DCFA}"
EndProject
Project("{FAE04EC0-301F-11D3-BF4B-00C04F79EFBC}") = "Catalog.API", "Services\Catalog\Catalog.API\Catalog.API.csproj", "{892F8276-A667-41B9-82D5-34B5FC893D68}"
EndProject
Global
	GlobalSection(SolutionProperties) = preSolution
		HideSolutionNode = FALSE
	EndGlobalSection
	GlobalSection(NestedProjects) = preSolution
		{37601740-BA75-4657-8454-95FAAA87DCFA} = {02EA681E-C7D8-13C7-8484-4AC65E1B71E8}
		{892F8276-A667-41B9-82D5-34B5FC893D68} = {37601740-BA75-4657-8454-95FAAA87DCFA}
	EndGlobalSection
	GlobalSection(ExtensibilityGlobals) = postSolution
		SolutionGuid = {9B002862-316A-4CD8-8342-AF1F944E2B21}
	EndGlobalSection
	GlobalSection(SolutionConfigurationPlatforms) = preSolution
		Debug|Any CPU = Debug|Any CPU
		Debug|x64 = Debug|x64
		Debug|x86 = Debug|x86
		Release|Any CPU = Release|Any CPU
		Release|x64 = Release|x64
		Release|x86 = Release|x86
	EndGlobalSection
	GlobalSection(ProjectConfigurationPlatforms) = postSolution
		{892F8276-A667-41B9-82D5-34B5FC893D68}.Debug|Any CPU.ActiveCfg = Debug|Any CPU
		{892F8276-A667-41B9-82D5-34B5FC893D68}.Debug|Any CPU.Build.0 = Debug|Any CPU
		{892F8276-A667-41B9-82D5-34B5FC893D68}.Debug|x64.ActiveCfg = Debug|Any CPU
		{892F8276-A667-41B9-82D5-34B5FC893D68}.Debug|x64.Build.0 = Debug|Any CPU
		{892F8276-A667-41B9-82D5-34B5FC893D68}.Debug|x86.ActiveCfg = Debug|Any CPU
		{892F8276-A667-41B9-82D5-34B5FC893D68}.Debug|x86.Build.0 = Debug|Any CPU
		{892F8276-A667-41B9-82D5-34B5FC893D68}.Release|Any CPU.ActiveCfg = Release|Any CPU
		{892F8276-A667-41B9-82D5-34B5FC893D68}.Release|Any CPU.Build.0 = Release|Any CPU
		{892F8276-A667-41B9-82D5-34B5FC893D68}.Release|x64.ActiveCfg = Release|Any CPU
		{892F8276-A667-41B9-82D5-34B5FC893D68}.Release|x64.Build.0 = Release|Any CPU
		{892F8276-A667-41B9-82D5-34B5FC893D68}.Release|x86.ActiveCfg = Release|Any CPU
		{892F8276-A667-41B9-82D5-34B5FC893D68}.Release|x86.Build.0 = Release|Any CPU
	EndGlobalSection
EndGlobal
